
Microsoft Visual Studio Solution File, Format Version 12.00
# Visual Studio 15
VisualStudioVersion = 15.0.28010.2003
MinimumVisualStudioVersion = 10.0.40219.1
Project("{FAE04EC0-301F-11D3-BF4B-00C04F79EFBC}") = "iPhotoExtractor", "iPhotoExtractor\iPhotoExtractor.csproj", "{FBE745EE-5C42-4BE3-BB70-4B9530DFF1F9}"
EndProject
Project("{FAE04EC0-301F-11D3-BF4B-00C04F79EFBC}") = "iPhotoAlbumDataParser", "iPhotoAlbumDataParser\iPhotoAlbumDataParser.csproj", "{3001C3FE-516F-4A91-8CF5-6B1DCD65FCA9}"
EndProject
Project("{2150E333-8FDC-42A3-9474-1A3956D46DE8}") = "Docs", "Docs", "{4EC0CC53-0088-45E3-961D-2F87EEF0BA5D}"
	ProjectSection(SolutionItems) = preProject
		LICENSE.md = LICENSE.md
		README.md = README.md
	EndProjectSection
EndProject
Global
	GlobalSection(SolutionConfigurationPlatforms) = preSolution
		Debug|Any CPU = Debug|Any CPU
		Release|Any CPU = Release|Any CPU
	EndGlobalSection
	GlobalSection(ProjectConfigurationPlatforms) = postSolution
		{FBE745EE-5C42-4BE3-BB70-4B9530DFF1F9}.Debug|Any CPU.ActiveCfg = Debug|Any CPU
		{FBE745EE-5C42-4BE3-BB70-4B9530DFF1F9}.Debug|Any CPU.Build.0 = Debug|Any CPU
		{FBE745EE-5C42-4BE3-BB70-4B9530DFF1F9}.Release|Any CPU.ActiveCfg = Release|Any CPU
		{FBE745EE-5C42-4BE3-BB70-4B9530DFF1F9}.Release|Any CPU.Build.0 = Release|Any CPU
		{3001C3FE-516F-4A91-8CF5-6B1DCD65FCA9}.Debug|Any CPU.ActiveCfg = Debug|Any CPU
		{3001C3FE-516F-4A91-8CF5-6B1DCD65FCA9}.Debug|Any CPU.Build.0 = Debug|Any CPU
		{3001C3FE-516F-4A91-8CF5-6B1DCD65FCA9}.Release|Any CPU.ActiveCfg = Release|Any CPU
		{3001C3FE-516F-4A91-8CF5-6B1DCD65FCA9}.Release|Any CPU.Build.0 = Release|Any CPU
	EndGlobalSection
	GlobalSection(SolutionProperties) = preSolution
		HideSolutionNode = FALSE
	EndGlobalSection
	GlobalSection(ExtensibilityGlobals) = postSolution
		SolutionGuid = {3840D6B0-5491-4A3A-9FAE-A20F08EB521F}
	EndGlobalSection
EndGlobal
